
Microsoft Visual Studio Solution File, Format Version 12.00
# Visual Studio Version 17
VisualStudioVersion = 17.14.36414.22 d17.14
MinimumVisualStudioVersion = 10.0.40219.1
Project("{FAE04EC0-301F-11D3-BF4B-00C04F79EFBC}") = "OnlineExamAPi", "OnlineExamAPi.csproj", "{0E09DC32-2BB4-4FA5-BFFD-AE841C9A34F3}"
EndProject
Global
	GlobalSection(SolutionConfigurationPlatforms) = preSolution
		Debug|Any CPU = Debug|Any CPU
		Release|Any CPU = Release|Any CPU
	EndGlobalSection
	GlobalSection(ProjectConfigurationPlatforms) = postSolution
		{0E09DC32-2BB4-4FA5-BFFD-AE841C9A34F3}.Debug|Any CPU.ActiveCfg = Debug|Any CPU
		{0E09DC32-2BB4-4FA5-BFFD-AE841C9A34F3}.Debug|Any CPU.Build.0 = Debug|Any CPU
		{0E09DC32-2BB4-4FA5-BFFD-AE841C9A34F3}.Release|Any CPU.ActiveCfg = Release|Any CPU
		{0E09DC32-2BB4-4FA5-BFFD-AE841C9A34F3}.Release|Any CPU.Build.0 = Release|Any CPU
	EndGlobalSection
	GlobalSection(SolutionProperties) = preSolution
		HideSolutionNode = FALSE
	EndGlobalSection
	GlobalSection(ExtensibilityGlobals) = postSolution
		SolutionGuid = {67785542-6718-4769-9322-4E846DF55D19}
	EndGlobalSection
EndGlobal
